
Microsoft Visual Studio Solution File, Format Version 12.00
# Visual Studio 15
VisualStudioVersion = 15.0.27428.2015
MinimumVisualStudioVersion = 10.0.40219.1
Project("{8BC9CEB8-8B4A-11D0-8D11-00A0C91BC942}") = "ARPatcher", "ARPatcher\ARPatcher.vcxproj", "{FFE62A1F-8F10-4165-BAAC-C54CEEC9CB8D}"
EndProject
Project("{8BC9CEB8-8B4A-11D0-8D11-00A0C91BC942}") = "ARPatchApplier", "ARPatchApplier\ARPatchApplier.vcxproj", "{6B06C56E-B76F-4059-A7C1-B24DC9868536}"
EndProject
Global
	GlobalSection(SolutionConfigurationPlatforms) = preSolution
		Debug|x64 = Debug|x64
		Debug|x86 = Debug|x86
		Release|x64 = Release|x64
		Release|x86 = Release|x86
	EndGlobalSection
	GlobalSection(ProjectConfigurationPlatforms) = postSolution
		{FFE62A1F-8F10-4165-BAAC-C54CEEC9CB8D}.Debug|x64.ActiveCfg = Debug|x64
		{FFE62A1F-8F10-4165-BAAC-C54CEEC9CB8D}.Debug|x64.Build.0 = Debug|x64
		{FFE62A1F-8F10-4165-BAAC-C54CEEC9CB8D}.Debug|x86.ActiveCfg = Debug|x64
		{FFE62A1F-8F10-4165-BAAC-C54CEEC9CB8D}.Debug|x86.Build.0 = Debug|x64
		{FFE62A1F-8F10-4165-BAAC-C54CEEC9CB8D}.Release|x64.ActiveCfg = Release|x64
		{FFE62A1F-8F10-4165-BAAC-C54CEEC9CB8D}.Release|x64.Build.0 = Release|x64
		{FFE62A1F-8F10-4165-BAAC-C54CEEC9CB8D}.Release|x86.ActiveCfg = Release|x64
		{FFE62A1F-8F10-4165-BAAC-C54CEEC9CB8D}.Release|x86.Build.0 = Release|x64
		{6B06C56E-B76F-4059-A7C1-B24DC9868536}.Debug|x64.ActiveCfg = Debug|x64
		{6B06C56E-B76F-4059-A7C1-B24DC9868536}.Debug|x64.Build.0 = Debug|x64
		{6B06C56E-B76F-4059-A7C1-B24DC9868536}.Debug|x86.ActiveCfg = Debug|Win32
		{6B06C56E-B76F-4059-A7C1-B24DC9868536}.Debug|x86.Build.0 = Debug|Win32
		{6B06C56E-B76F-4059-A7C1-B24DC9868536}.Release|x64.ActiveCfg = Release|x64
		{6B06C56E-B76F-4059-A7C1-B24DC9868536}.Release|x64.Build.0 = Release|x64
		{6B06C56E-B76F-4059-A7C1-B24DC9868536}.Release|x86.ActiveCfg = Release|Win32
		{6B06C56E-B76F-4059-A7C1-B24DC9868536}.Release|x86.Build.0 = Release|Win32
	EndGlobalSection
	GlobalSection(SolutionProperties) = preSolution
		HideSolutionNode = FALSE
	EndGlobalSection
	GlobalSection(ExtensibilityGlobals) = postSolution
		SolutionGuid = {47EBBF00-493B-4505-9391-3B0D71E1DAD4}
	EndGlobalSection
EndGlobal
